// !$*UTF8*$!
{
	archiveVersion = 1;
	classes = {
	};
	objectVersion = 50;
	objects = {

/* Begin PBXBuildFile section */
		8E5F5F572534C33E009D7238 /* AppDelegate.swift in Sources */ = {isa = PBXBuildFile; fileRef = 8E5F5F562534C33E009D7238 /* AppDelegate.swift */; };
		8E5F5F5B2534C33E009D7238 /* QuestionViewController.swift in Sources */ = {isa = PBXBuildFile; fileRef = 8E5F5F5A2534C33E009D7238 /* QuestionViewController.swift */; };
		8E5F5F5E2534C33E009D7238 /* Main.storyboard in Resources */ = {isa = PBXBuildFile; fileRef = 8E5F5F5C2534C33E009D7238 /* Main.storyboard */; };
		8E5F5F702534D4C3009D7238 /* Question.swift in Sources */ = {isa = PBXBuildFile; fileRef = 8E5F5F6F2534D4C3009D7238 /* Question.swift */; };
		8E5F5F722534D521009D7238 /* QuestionGroup.swift in Sources */ = {isa = PBXBuildFile; fileRef = 8E5F5F712534D521009D7238 /* QuestionGroup.swift */; };
		8E5F5F742534D6A5009D7238 /* QuestionGroupData.swift in Sources */ = {isa = PBXBuildFile; fileRef = 8E5F5F732534D6A5009D7238 /* QuestionGroupData.swift */; };
		8E5F5F762534D6FC009D7238 /* Assets.xcassets in Resources */ = {isa = PBXBuildFile; fileRef = 8E5F5F752534D6FC009D7238 /* Assets.xcassets */; };
		8E5F5F782534D713009D7238 /* LaunchScreen.storyboard in Resources */ = {isa = PBXBuildFile; fileRef = 8E5F5F772534D713009D7238 /* LaunchScreen.storyboard */; };
		8E5F5F7A2534D8EA009D7238 /* QuestionView.swift in Sources */ = {isa = PBXBuildFile; fileRef = 8E5F5F792534D8EA009D7238 /* QuestionView.swift */; };
		8E7ADD5725364C1A0027D38E /* SelectQuestionGroupViewController.swift in Sources */ = {isa = PBXBuildFile; fileRef = 8E7ADD5625364C1A0027D38E /* SelectQuestionGroupViewController.swift */; };
		8E7ADD59253650A10027D38E /* QuestionGroupCell.swift in Sources */ = {isa = PBXBuildFile; fileRef = 8E7ADD58253650A10027D38E /* QuestionGroupCell.swift */; };
/* End PBXBuildFile section */

/* Begin PBXFileReference section */
		8E5F5F532534C33E009D7238 /* RabbleWabble.app */ = {isa = PBXFileReference; explicitFileType = wrapper.application; includeInIndex = 0; path = RabbleWabble.app; sourceTree = BUILT_PRODUCTS_DIR; };
		8E5F5F562534C33E009D7238 /* AppDelegate.swift */ = {isa = PBXFileReference; lastKnownFileType = sourcecode.swift; path = AppDelegate.swift; sourceTree = "<group>"; };
		8E5F5F5A2534C33E009D7238 /* QuestionViewController.swift */ = {isa = PBXFileReference; lastKnownFileType = sourcecode.swift; path = QuestionViewController.swift; sourceTree = "<group>"; };
		8E5F5F5D2534C33E009D7238 /* Base */ = {isa = PBXFileReference; lastKnownFileType = file.storyboard; name = Base; path = Base.lproj/Main.storyboard; sourceTree = "<group>"; };
		8E5F5F642534C343009D7238 /* Info.plist */ = {isa = PBXFileReference; lastKnownFileType = text.plist.xml; path = Info.plist; sourceTree = "<group>"; };
		8E5F5F6F2534D4C3009D7238 /* Question.swift */ = {isa = PBXFileReference; lastKnownFileType = sourcecode.swift; path = Question.swift; sourceTree = "<group>"; };
		8E5F5F712534D521009D7238 /* QuestionGroup.swift */ = {isa = PBXFileReference; lastKnownFileType = sourcecode.swift; path = QuestionGroup.swift; sourceTree = "<group>"; };
		8E5F5F732534D6A5009D7238 /* QuestionGroupData.swift */ = {isa = PBXFileReference; fileEncoding = 4; lastKnownFileType = sourcecode.swift; path = QuestionGroupData.swift; sourceTree = "<group>"; };
		8E5F5F752534D6FC009D7238 /* Assets.xcassets */ = {isa = PBXFileReference; lastKnownFileType = folder.assetcatalog; path = Assets.xcassets; sourceTree = "<group>"; };
		8E5F5F772534D713009D7238 /* LaunchScreen.storyboard */ = {isa = PBXFileReference; fileEncoding = 4; lastKnownFileType = file.storyboard; path = LaunchScreen.storyboard; sourceTree = "<group>"; };
		8E5F5F792534D8EA009D7238 /* QuestionView.swift */ = {isa = PBXFileReference; lastKnownFileType = sourcecode.swift; path = QuestionView.swift; sourceTree = "<group>"; };
		8E7ADD5625364C1A0027D38E /* SelectQuestionGroupViewController.swift */ = {isa = PBXFileReference; lastKnownFileType = sourcecode.swift; path = SelectQuestionGroupViewController.swift; sourceTree = "<group>"; };
		8E7ADD58253650A10027D38E /* QuestionGroupCell.swift */ = {isa = PBXFileReference; lastKnownFileType = sourcecode.swift; path = QuestionGroupCell.swift; sourceTree = "<group>"; };
/* End PBXFileReference section */

/* Begin PBXFrameworksBuildPhase section */
		8E5F5F502534C33E009D7238 /* Frameworks */ = {
			isa = PBXFrameworksBuildPhase;
			buildActionMask = 2147483647;
			files = (
			);
			runOnlyForDeploymentPostprocessing = 0;
		};
/* End PBXFrameworksBuildPhase section */

/* Begin PBXGroup section */
		8E5F5F4A2534C33E009D7238 = {
			isa = PBXGroup;
			children = (
				8E5F5F552534C33E009D7238 /* RabbleWabble */,
				8E5F5F542534C33E009D7238 /* Products */,
			);
			sourceTree = "<group>";
		};
		8E5F5F542534C33E009D7238 /* Products */ = {
			isa = PBXGroup;
			children = (
				8E5F5F532534C33E009D7238 /* RabbleWabble.app */,
			);
			name = Products;
			sourceTree = "<group>";
		};
		8E5F5F552534C33E009D7238 /* RabbleWabble */ = {
			isa = PBXGroup;
			children = (
				8E5F5F6E2534C93B009D7238 /* Views */,
				8E5F5F6D2534C931009D7238 /* Resources */,
				8E5F5F6C2534C927009D7238 /* Models */,
				8E5F5F6B2534C659009D7238 /* Controllers */,
				8E5F5F6A2534C4A5009D7238 /* AppDelegate */,
			);
			path = RabbleWabble;
			sourceTree = "<group>";
		};
		8E5F5F6A2534C4A5009D7238 /* AppDelegate */ = {
			isa = PBXGroup;
			children = (
				8E5F5F562534C33E009D7238 /* AppDelegate.swift */,
			);
			path = AppDelegate;
			sourceTree = "<group>";
		};
		8E5F5F6B2534C659009D7238 /* Controllers */ = {
			isa = PBXGroup;
			children = (
				8E5F5F5A2534C33E009D7238 /* QuestionViewController.swift */,
				8E7ADD5625364C1A0027D38E /* SelectQuestionGroupViewController.swift */,
			);
			path = Controllers;
			sourceTree = "<group>";
		};
		8E5F5F6C2534C927009D7238 /* Models */ = {
			isa = PBXGroup;
			children = (
				8E5F5F732534D6A5009D7238 /* QuestionGroupData.swift */,
				8E5F5F6F2534D4C3009D7238 /* Question.swift */,
				8E5F5F712534D521009D7238 /* QuestionGroup.swift */,
			);
			path = Models;
			sourceTree = "<group>";
		};
		8E5F5F6D2534C931009D7238 /* Resources */ = {
			isa = PBXGroup;
			children = (
				8E5F5F752534D6FC009D7238 /* Assets.xcassets */,
				8E5F5F642534C343009D7238 /* Info.plist */,
			);
			path = Resources;
			sourceTree = "<group>";
		};
		8E5F5F6E2534C93B009D7238 /* Views */ = {
			isa = PBXGroup;
			children = (
				8E5F5F772534D713009D7238 /* LaunchScreen.storyboard */,
				8E5F5F5C2534C33E009D7238 /* Main.storyboard */,
				8E5F5F792534D8EA009D7238 /* QuestionView.swift */,
				8E7ADD58253650A10027D38E /* QuestionGroupCell.swift */,
			);
			path = Views;
			sourceTree = "<group>";
		};
/* End PBXGroup section */

/* Begin PBXNativeTarget section */
		8E5F5F522534C33E009D7238 /* RabbleWabble */ = {
			isa = PBXNativeTarget;
			buildConfigurationList = 8E5F5F672534C343009D7238 /* Build configuration list for PBXNativeTarget "RabbleWabble" */;
			buildPhases = (
				8E5F5F4F2534C33E009D7238 /* Sources */,
				8E5F5F502534C33E009D7238 /* Frameworks */,
				8E5F5F512534C33E009D7238 /* Resources */,
			);
			buildRules = (
			);
			dependencies = (
			);
			name = RabbleWabble;
			productName = RabbleWabble;
			productReference = 8E5F5F532534C33E009D7238 /* RabbleWabble.app */;
			productType = "com.apple.product-type.application";
		};
/* End PBXNativeTarget section */

/* Begin PBXProject section */
		8E5F5F4B2534C33E009D7238 /* Project object */ = {
			isa = PBXProject;
			attributes = {
				LastSwiftUpdateCheck = 1170;
				LastUpgradeCheck = 1170;
				ORGANIZATIONNAME = Port701;
				TargetAttributes = {
					8E5F5F522534C33E009D7238 = {
						CreatedOnToolsVersion = 11.7;
					};
				};
			};
			buildConfigurationList = 8E5F5F4E2534C33E009D7238 /* Build configuration list for PBXProject "RabbleWabble" */;
			compatibilityVersion = "Xcode 9.3";
			developmentRegion = en;
			hasScannedForEncodings = 0;
			knownRegions = (
				en,
				Base,
			);
			mainGroup = 8E5F5F4A2534C33E009D7238;
			productRefGroup = 8E5F5F542534C33E009D7238 /* Products */;
			projectDirPath = "";
			projectRoot = "";
			targets = (
				8E5F5F522534C33E009D7238 /* RabbleWabble */,
			);
		};
/* End PBXProject section */

/* Begin PBXResourcesBuildPhase section */
		8E5F5F512534C33E009D7238 /* Resources */ = {
			isa = PBXResourcesBuildPhase;
			buildActionMask = 2147483647;
			files = (
				8E5F5F782534D713009D7238 /* LaunchScreen.storyboard in Resources */,
				8E5F5F762534D6FC009D7238 /* Assets.xcassets in Resources */,
				8E5F5F5E2534C33E009D7238 /* Main.storyboard in Resources */,
			);
			runOnlyForDeploymentPostprocessing = 0;
		};
/* End PBXResourcesBuildPhase section */

/* Begin PBXSourcesBuildPhase section */
		8E5F5F4F2534C33E009D7238 /* Sources */ = {
			isa = PBXSourcesBuildPhase;
			buildActionMask = 2147483647;
			files = (
				8E5F5F702534D4C3009D7238 /* Question.swift in Sources */,
				8E5F5F5B2534C33E009D7238 /* QuestionViewController.swift in Sources */,
				8E5F5F572534C33E009D7238 /* AppDelegate.swift in Sources */,
				8E5F5F722534D521009D7238 /* QuestionGroup.swift in Sources */,
				8E5F5F7A2534D8EA009D7238 /* QuestionView.swift in Sources */,
				8E5F5F742534D6A5009D7238 /* QuestionGroupData.swift in Sources */,
				8E7ADD5725364C1A0027D38E /* SelectQuestionGroupViewController.swift in Sources */,
				8E7ADD59253650A10027D38E /* QuestionGroupCell.swift in Sources */,
			);
			runOnlyForDeploymentPostprocessing = 0;
		};
/* End PBXSourcesBuildPhase section */

/* Begin PBXVariantGroup section */
		8E5F5F5C2534C33E009D7238 /* Main.storyboard */ = {
			isa = PBXVariantGroup;
			children = (
				8E5F5F5D2534C33E009D7238 /* Base */,
			);
			name = Main.storyboard;
			sourceTree = "<group>";
		};
/* End PBXVariantGroup section */

/* Begin XCBuildConfiguration section */
		8E5F5F652534C343009D7238 /* Debug */ = {
			isa = XCBuildConfiguration;
			buildSettings = {
				ALWAYS_SEARCH_USER_PATHS = NO;
				CLANG_ANALYZER_NONNULL = YES;
				CLANG_ANALYZER_NUMBER_OBJECT_CONVERSION = YES_AGGRESSIVE;
				CLANG_CXX_LANGUAGE_STANDARD = "gnu++14";
				CLANG_CXX_LIBRARY = "libc++";
				CLANG_ENABLE_MODULES = YES;
				CLANG_ENABLE_OBJC_ARC = YES;
				CLANG_ENABLE_OBJC_WEAK = YES;
				CLANG_WARN_BLOCK_CAPTURE_AUTORELEASING = YES;
				CLANG_WARN_BOOL_CONVERSION = YES;
				CLANG_WARN_COMMA = YES;
				CLANG_WARN_CONSTANT_CONVERSION = YES;
				CLANG_WARN_DEPRECATED_OBJC_IMPLEMENTATIONS = YES;
				CLANG_WARN_DIRECT_OBJC_ISA_USAGE = YES_ERROR;
				CLANG_WARN_DOCUMENTATION_COMMENTS = YES;
				CLANG_WARN_EMPTY_BODY = YES;
				CLANG_WARN_ENUM_CONVERSION = YES;
				CLANG_WARN_INFINITE_RECURSION = YES;
				CLANG_WARN_INT_CONVERSION = YES;
				CLANG_WARN_NON_LITERAL_NULL_CONVERSION = YES;
				CLANG_WARN_OBJC_IMPLICIT_RETAIN_SELF = YES;
				CLANG_WARN_OBJC_LITERAL_CONVERSION = YES;
				CLANG_WARN_OBJC_ROOT_CLASS = YES_ERROR;
				CLANG_WARN_RANGE_LOOP_ANALYSIS = YES;
				CLANG_WARN_STRICT_PROTOTYPES = YES;
				CLANG_WARN_SUSPICIOUS_MOVE = YES;
				CLANG_WARN_UNGUARDED_AVAILABILITY = YES_AGGRESSIVE;
				CLANG_WARN_UNREACHABLE_CODE = YES;
				CLANG_WARN__DUPLICATE_METHOD_MATCH = YES;
				COPY_PHASE_STRIP = NO;
				DEBUG_INFORMATION_FORMAT = dwarf;
				ENABLE_STRICT_OBJC_MSGSEND = YES;
				ENABLE_TESTABILITY = YES;
				GCC_C_LANGUAGE_STANDARD = gnu11;
				GCC_DYNAMIC_NO_PIC = NO;
				GCC_NO_COMMON_BLOCKS = YES;
				GCC_OPTIMIZATION_LEVEL = 0;
				GCC_PREPROCESSOR_DEFINITIONS = (
					"DEBUG=1",
					"$(inherited)",
				);
				GCC_WARN_64_TO_32_BIT_CONVERSION = YES;
				GCC_WARN_ABOUT_RETURN_TYPE = YES_ERROR;
				GCC_WARN_UNDECLARED_SELECTOR = YES;
				GCC_WARN_UNINITIALIZED_AUTOS = YES_AGGRESSIVE;
				GCC_WARN_UNUSED_FUNCTION = YES;
				GCC_WARN_UNUSED_VARIABLE = YES;
				IPHONEOS_DEPLOYMENT_TARGET = 13.7;
				MTL_ENABLE_DEBUG_INFO = INCLUDE_SOURCE;
				MTL_FAST_MATH = YES;
				ONLY_ACTIVE_ARCH = YES;
				SDKROOT = iphoneos;
				SWIFT_ACTIVE_COMPILATION_CONDITIONS = DEBUG;
				SWIFT_OPTIMIZATION_LEVEL = "-Onone";
			};
			name = Debug;
		};
		8E5F5F662534C343009D7238 /* Release */ = {
			isa = XCBuildConfiguration;
			buildSettings = {
				ALWAYS_SEARCH_USER_PATHS = NO;
				CLANG_ANALYZER_NONNULL = YES;
				CLANG_ANALYZER_NUMBER_OBJECT_CONVERSION = YES_AGGRESSIVE;
				CLANG_CXX_LANGUAGE_STANDARD = "gnu++14";
				CLANG_CXX_LIBRARY = "libc++";
				CLANG_ENABLE_MODULES = YES;
				CLANG_ENABLE_OBJC_ARC = YES;
				CLANG_ENABLE_OBJC_WEAK = YES;
				CLANG_WARN_BLOCK_CAPTURE_AUTORELEASING = YES;
				CLANG_WARN_BOOL_CONVERSION = YES;
				CLANG_WARN_COMMA = YES;
				CLANG_WARN_CONSTANT_CONVERSION = YES;
				CLANG_WARN_DEPRECATED_OBJC_IMPLEMENTATIONS = YES;
				CLANG_WARN_DIRECT_OBJC_ISA_USAGE = YES_ERROR;
				CLANG_WARN_DOCUMENTATION_COMMENTS = YES;
				CLANG_WARN_EMPTY_BODY = YES;
				CLANG_WARN_ENUM_CONVERSION = YES;
				CLANG_WARN_INFINITE_RECURSION = YES;
				CLANG_WARN_INT_CONVERSION = YES;
				CLANG_WARN_NON_LITERAL_NULL_CONVERSION = YES;
				CLANG_WARN_OBJC_IMPLICIT_RETAIN_SELF = YES;
				CLANG_WARN_OBJC_LITERAL_CONVERSION = YES;
				CLANG_WARN_OBJC_ROOT_CLASS = YES_ERROR;
				CLANG_WARN_RANGE_LOOP_ANALYSIS = YES;
				CLANG_WARN_STRICT_PROTOTYPES = YES;
				CLANG_WARN_SUSPICIOUS_MOVE = YES;
				CLANG_WARN_UNGUARDED_AVAILABILITY = YES_AGGRESSIVE;
				CLANG_WARN_UNREACHABLE_CODE = YES;
				CLANG_WARN__DUPLICATE_METHOD_MATCH = YES;
				COPY_PHASE_STRIP = NO;
				DEBUG_INFORMATION_FORMAT = "dwarf-with-dsym";
				ENABLE_NS_ASSERTIONS = NO;
				ENABLE_STRICT_OBJC_MSGSEND = YES;
				GCC_C_LANGUAGE_STANDARD = gnu11;
				GCC_NO_COMMON_BLOCKS = YES;
				GCC_WARN_64_TO_32_BIT_CONVERSION = YES;
				GCC_WARN_ABOUT_RETURN_TYPE = YES_ERROR;
				GCC_WARN_UNDECLARED_SELECTOR = YES;
				GCC_WARN_UNINITIALIZED_AUTOS = YES_AGGRESSIVE;
				GCC_WARN_UNUSED_FUNCTION = YES;
				GCC_WARN_UNUSED_VARIABLE = YES;
				IPHONEOS_DEPLOYMENT_TARGET = 13.7;
				MTL_ENABLE_DEBUG_INFO = NO;
				MTL_FAST_MATH = YES;
				SDKROOT = iphoneos;
				SWIFT_COMPILATION_MODE = wholemodule;
				SWIFT_OPTIMIZATION_LEVEL = "-O";
				VALIDATE_PRODUCT = YES;
			};
			name = Release;
		};
		8E5F5F682534C343009D7238 /* Debug */ = {
			isa = XCBuildConfiguration;
			buildSettings = {
				ASSETCATALOG_COMPILER_APPICON_NAME = AppIcon;
				CODE_SIGN_STYLE = Automatic;
				DEVELOPMENT_TEAM = MCNU3G86F6;
				INFOPLIST_FILE = RabbleWabble/Resources/Info.plist;
				LD_RUNPATH_SEARCH_PATHS = (
					"$(inherited)",
					"@executable_path/Frameworks",
				);
				PRODUCT_BUNDLE_IDENTIFIER = com.Port701.RabbleWabble;
				PRODUCT_NAME = "$(TARGET_NAME)";
				SWIFT_VERSION = 5.0;
				TARGETED_DEVICE_FAMILY = 1;
			};
			name = Debug;
		};
		8E5F5F692534C343009D7238 /* Release */ = {
			isa = XCBuildConfiguration;
			buildSettings = {
				ASSETCATALOG_COMPILER_APPICON_NAME = AppIcon;
				CODE_SIGN_STYLE = Automatic;
				DEVELOPMENT_TEAM = MCNU3G86F6;
				INFOPLIST_FILE = RabbleWabble/Resources/Info.plist;
				LD_RUNPATH_SEARCH_PATHS = (
					"$(inherited)",
					"@executable_path/Frameworks",
				);
				PRODUCT_BUNDLE_IDENTIFIER = com.Port701.RabbleWabble;
				PRODUCT_NAME = "$(TARGET_NAME)";
				SWIFT_VERSION = 5.0;
				TARGETED_DEVICE_FAMILY = 1;
			};
			name = Release;
		};
/* End XCBuildConfiguration section */

/* Begin XCConfigurationList section */
		8E5F5F4E2534C33E009D7238 /* Build configuration list for PBXProject "RabbleWabble" */ = {
			isa = XCConfigurationList;
			buildConfigurations = (
				8E5F5F652534C343009D7238 /* Debug */,
				8E5F5F662534C343009D7238 /* Release */,
			);
			defaultConfigurationIsVisible = 0;
			defaultConfigurationName = Release;
		};
		8E5F5F672534C343009D7238 /* Build configuration list for PBXNativeTarget "RabbleWabble" */ = {
			isa = XCConfigurationList;
			buildConfigurations = (
				8E5F5F682534C343009D7238 /* Debug */,
				8E5F5F692534C343009D7238 /* Release */,
			);
			defaultConfigurationIsVisible = 0;
			defaultConfigurationName = Release;
		};
/* End XCConfigurationList section */
	};
	rootObject = 8E5F5F4B2534C33E009D7238 /* Project object */;
}
